// !$*UTF8*$!
{
	archiveVersion = 1;
	classes = {
	};
	objectVersion = 46;
	objects = {

/* Begin PBXBuildFile section */
		3F62715716B2CC22000CE764 /* settings.png in Resources */ = {isa = PBXBuildFile; fileRef = 3F62715616B2CC22000CE764 /* settings.png */; };
		3FBE5E8416BC210E00A9BDDE /* ListItemDetailsViewController.m in Sources */ = {isa = PBXBuildFile; fileRef = 3FBE5E8316BC210E00A9BDDE /* ListItemDetailsViewController.m */; };
		A5301BCE16AA89B300A83ED6 /* MenuViewController.m in Sources */ = {isa = PBXBuildFile; fileRef = A5301BCD16AA89B300A83ED6 /* MenuViewController.m */; };
		A5301BD216AA89C500A83ED6 /* SPEAViewController.m in Sources */ = {isa = PBXBuildFile; fileRef = A5301BD116AA89C500A83ED6 /* SPEAViewController.m */; };
		A5301BDE16AA9D1700A83ED6 /* ListItem.m in Sources */ = {isa = PBXBuildFile; fileRef = A5301BDD16AA9D1700A83ED6 /* ListItem.m */; };
		A5301BEB16AAA6B800A83ED6 /* Menu.png in Resources */ = {isa = PBXBuildFile; fileRef = A5301BE716AAA6B800A83ED6 /* Menu.png */; };
		A5301BEC16AAA6B800A83ED6 /* Menu@2x.png in Resources */ = {isa = PBXBuildFile; fileRef = A5301BE816AAA6B800A83ED6 /* Menu@2x.png */; };
		A5301BED16AAA6B800A83ED6 /* spea.png in Resources */ = {isa = PBXBuildFile; fileRef = A5301BE916AAA6B800A83ED6 /* spea.png */; };
		A5301BEE16AAA6B800A83ED6 /* spea@2x.png in Resources */ = {isa = PBXBuildFile; fileRef = A5301BEA16AAA6B800A83ED6 /* spea@2x.png */; };
		A5301BF016AAD33500A83ED6 /* ListItem.png in Resources */ = {isa = PBXBuildFile; fileRef = A5301BEF16AAD33500A83ED6 /* ListItem.png */; };
		A53F8C1C16BD595D00CB765C /* ListItemGalleryViewController.m in Sources */ = {isa = PBXBuildFile; fileRef = A53F8C1B16BD595D00CB765C /* ListItemGalleryViewController.m */; };
		A562FA9916AAD86900A906B4 /* Menu.m in Sources */ = {isa = PBXBuildFile; fileRef = A562FA9816AAD86900A906B4 /* Menu.m */; };
		A562FA9C16AAE8D500A906B4 /* libsqlite3.0.dylib in Frameworks */ = {isa = PBXBuildFile; fileRef = A562FA9B16AAE8D500A906B4 /* libsqlite3.0.dylib */; };
		A562FAA216AAF83700A906B4 /* spea.sqlite in Resources */ = {isa = PBXBuildFile; fileRef = A562FAA116AAF83700A906B4 /* spea.sqlite */; };
		A5813C6B16B1CB5900C10D48 /* Default.png in Resources */ = {isa = PBXBuildFile; fileRef = A5813C6A16B1CB5900C10D48 /* Default.png */; };
		A58997EE16AC0FC80018A752 /* Schermata 2013-01-20 alle 12.42.32.png in Resources */ = {isa = PBXBuildFile; fileRef = A58997ED16AC0FC80018A752 /* Schermata 2013-01-20 alle 12.42.32.png */; };
		A5A296F116A9C3A100214C42 /* UIKit.framework in Frameworks */ = {isa = PBXBuildFile; fileRef = A5A296F016A9C3A100214C42 /* UIKit.framework */; };
		A5A296F316A9C3A100214C42 /* Foundation.framework in Frameworks */ = {isa = PBXBuildFile; fileRef = A5A296F216A9C3A100214C42 /* Foundation.framework */; };
		A5A296F516A9C3A100214C42 /* CoreGraphics.framework in Frameworks */ = {isa = PBXBuildFile; fileRef = A5A296F416A9C3A100214C42 /* CoreGraphics.framework */; };
		A5A296FB16A9C3A100214C42 /* InfoPlist.strings in Resources */ = {isa = PBXBuildFile; fileRef = A5A296F916A9C3A100214C42 /* InfoPlist.strings */; };
		A5A296FD16A9C3A100214C42 /* main.m in Sources */ = {isa = PBXBuildFile; fileRef = A5A296FC16A9C3A100214C42 /* main.m */; };
		A5A2970116A9C3A100214C42 /* AppDelegate.m in Sources */ = {isa = PBXBuildFile; fileRef = A5A2970016A9C3A100214C42 /* AppDelegate.m */; };
		A5A2970516A9C3A100214C42 /* Default@2x.png in Resources */ = {isa = PBXBuildFile; fileRef = A5A2970416A9C3A100214C42 /* Default@2x.png */; };
		A5A2970716A9C3A100214C42 /* Default-568h@2x.png in Resources */ = {isa = PBXBuildFile; fileRef = A5A2970616A9C3A100214C42 /* Default-568h@2x.png */; };
		A5FB282616E0F5C900573DE4 /* DocumentViewController.m in Sources */ = {isa = PBXBuildFile; fileRef = A5FB282516E0F5C900573DE4 /* DocumentViewController.m */; };
/* End PBXBuildFile section */

/* Begin PBXFileReference section */
		3F62715616B2CC22000CE764 /* settings.png */ = {isa = PBXFileReference; lastKnownFileType = image.png; path = settings.png; sourceTree = "<group>"; };
		3FBE5E8216BC210E00A9BDDE /* ListItemDetailsViewController.h */ = {isa = PBXFileReference; fileEncoding = 4; lastKnownFileType = sourcecode.c.h; path = ListItemDetailsViewController.h; sourceTree = "<group>"; };
		3FBE5E8316BC210E00A9BDDE /* ListItemDetailsViewController.m */ = {isa = PBXFileReference; fileEncoding = 4; lastKnownFileType = sourcecode.c.objc; path = ListItemDetailsViewController.m; sourceTree = "<group>"; };
		A5301BCC16AA89B300A83ED6 /* MenuViewController.h */ = {isa = PBXFileReference; fileEncoding = 4; lastKnownFileType = sourcecode.c.h; path = MenuViewController.h; sourceTree = "<group>"; };
		A5301BCD16AA89B300A83ED6 /* MenuViewController.m */ = {isa = PBXFileReference; fileEncoding = 4; lastKnownFileType = sourcecode.c.objc; path = MenuViewController.m; sourceTree = "<group>"; };
		A5301BD016AA89C500A83ED6 /* SPEAViewController.h */ = {isa = PBXFileReference; fileEncoding = 4; lastKnownFileType = sourcecode.c.h; path = SPEAViewController.h; sourceTree = "<group>"; };
		A5301BD116AA89C500A83ED6 /* SPEAViewController.m */ = {isa = PBXFileReference; fileEncoding = 4; lastKnownFileType = sourcecode.c.objc; path = SPEAViewController.m; sourceTree = "<group>"; };
		A5301BDC16AA9D1700A83ED6 /* ListItem.h */ = {isa = PBXFileReference; fileEncoding = 4; lastKnownFileType = sourcecode.c.h; path = ListItem.h; sourceTree = "<group>"; };
		A5301BDD16AA9D1700A83ED6 /* ListItem.m */ = {isa = PBXFileReference; fileEncoding = 4; lastKnownFileType = sourcecode.c.objc; path = ListItem.m; sourceTree = "<group>"; };
		A5301BE716AAA6B800A83ED6 /* Menu.png */ = {isa = PBXFileReference; lastKnownFileType = image.png; path = Menu.png; sourceTree = "<group>"; };
		A5301BE816AAA6B800A83ED6 /* Menu@2x.png */ = {isa = PBXFileReference; lastKnownFileType = image.png; path = "Menu@2x.png"; sourceTree = "<group>"; };
		A5301BE916AAA6B800A83ED6 /* spea.png */ = {isa = PBXFileReference; lastKnownFileType = image.png; path = spea.png; sourceTree = "<group>"; };
		A5301BEA16AAA6B800A83ED6 /* spea@2x.png */ = {isa = PBXFileReference; lastKnownFileType = image.png; path = "spea@2x.png"; sourceTree = "<group>"; };
		A5301BEF16AAD33500A83ED6 /* ListItem.png */ = {isa = PBXFileReference; lastKnownFileType = image.png; path = ListItem.png; sourceTree = "<group>"; };
		A53F8C1A16BD595D00CB765C /* ListItemGalleryViewController.h */ = {isa = PBXFileReference; fileEncoding = 4; lastKnownFileType = sourcecode.c.h; path = ListItemGalleryViewController.h; sourceTree = "<group>"; };
		A53F8C1B16BD595D00CB765C /* ListItemGalleryViewController.m */ = {isa = PBXFileReference; fileEncoding = 4; lastKnownFileType = sourcecode.c.objc; path = ListItemGalleryViewController.m; sourceTree = "<group>"; };
		A562FA9716AAD86900A906B4 /* Menu.h */ = {isa = PBXFileReference; fileEncoding = 4; lastKnownFileType = sourcecode.c.h; path = Menu.h; sourceTree = "<group>"; };
		A562FA9816AAD86900A906B4 /* Menu.m */ = {isa = PBXFileReference; fileEncoding = 4; lastKnownFileType = sourcecode.c.objc; path = Menu.m; sourceTree = "<group>"; };
		A562FA9B16AAE8D500A906B4 /* libsqlite3.0.dylib */ = {isa = PBXFileReference; lastKnownFileType = "compiled.mach-o.dylib"; name = libsqlite3.0.dylib; path = usr/lib/libsqlite3.0.dylib; sourceTree = SDKROOT; };
		A562FAA116AAF83700A906B4 /* spea.sqlite */ = {isa = PBXFileReference; lastKnownFileType = file; path = spea.sqlite; sourceTree = "<group>"; };
		A5813C6A16B1CB5900C10D48 /* Default.png */ = {isa = PBXFileReference; lastKnownFileType = image.png; path = Default.png; sourceTree = "<group>"; };
		A58997ED16AC0FC80018A752 /* Schermata 2013-01-20 alle 12.42.32.png */ = {isa = PBXFileReference; lastKnownFileType = image.png; path = "Schermata 2013-01-20 alle 12.42.32.png"; sourceTree = "<group>"; };
		A5A296EC16A9C3A100214C42 /* SPEA.app */ = {isa = PBXFileReference; explicitFileType = wrapper.application; includeInIndex = 0; path = SPEA.app; sourceTree = BUILT_PRODUCTS_DIR; };
		A5A296F016A9C3A100214C42 /* UIKit.framework */ = {isa = PBXFileReference; lastKnownFileType = wrapper.framework; name = UIKit.framework; path = System/Library/Frameworks/UIKit.framework; sourceTree = SDKROOT; };
		A5A296F216A9C3A100214C42 /* Foundation.framework */ = {isa = PBXFileReference; lastKnownFileType = wrapper.framework; name = Foundation.framework; path = System/Library/Frameworks/Foundation.framework; sourceTree = SDKROOT; };
		A5A296F416A9C3A100214C42 /* CoreGraphics.framework */ = {isa = PBXFileReference; lastKnownFileType = wrapper.framework; name = CoreGraphics.framework; path = System/Library/Frameworks/CoreGraphics.framework; sourceTree = SDKROOT; };
		A5A296F816A9C3A100214C42 /* SPEA-Info.plist */ = {isa = PBXFileReference; lastKnownFileType = text.plist.xml; path = "SPEA-Info.plist"; sourceTree = "<group>"; };
		A5A296FA16A9C3A100214C42 /* en */ = {isa = PBXFileReference; lastKnownFileType = text.plist.strings; name = en; path = en.lproj/InfoPlist.strings; sourceTree = "<group>"; };
		A5A296FC16A9C3A100214C42 /* main.m */ = {isa = PBXFileReference; lastKnownFileType = sourcecode.c.objc; path = main.m; sourceTree = "<group>"; };
		A5A296FE16A9C3A100214C42 /* SPEA-Prefix.pch */ = {isa = PBXFileReference; lastKnownFileType = sourcecode.c.h; path = "SPEA-Prefix.pch"; sourceTree = "<group>"; };
		A5A296FF16A9C3A100214C42 /* AppDelegate.h */ = {isa = PBXFileReference; lastKnownFileType = sourcecode.c.h; path = AppDelegate.h; sourceTree = "<group>"; };
		A5A2970016A9C3A100214C42 /* AppDelegate.m */ = {isa = PBXFileReference; lastKnownFileType = sourcecode.c.objc; path = AppDelegate.m; sourceTree = "<group>"; };
		A5A2970416A9C3A100214C42 /* Default@2x.png */ = {isa = PBXFileReference; lastKnownFileType = image.png; path = "Default@2x.png"; sourceTree = "<group>"; };
		A5A2970616A9C3A100214C42 /* Default-568h@2x.png */ = {isa = PBXFileReference; lastKnownFileType = image.png; path = "Default-568h@2x.png"; sourceTree = "<group>"; };
		A5FB282416E0F5C900573DE4 /* DocumentViewController.h */ = {isa = PBXFileReference; fileEncoding = 4; lastKnownFileType = sourcecode.c.h; path = DocumentViewController.h; sourceTree = "<group>"; };
		A5FB282516E0F5C900573DE4 /* DocumentViewController.m */ = {isa = PBXFileReference; fileEncoding = 4; lastKnownFileType = sourcecode.c.objc; path = DocumentViewController.m; sourceTree = "<group>"; };
/* End PBXFileReference section */

/* Begin PBXFrameworksBuildPhase section */
		A5A296E916A9C3A100214C42 /* Frameworks */ = {
			isa = PBXFrameworksBuildPhase;
			buildActionMask = 2147483647;
			files = (
				A5A296F116A9C3A100214C42 /* UIKit.framework in Frameworks */,
				A5A296F316A9C3A100214C42 /* Foundation.framework in Frameworks */,
				A5A296F516A9C3A100214C42 /* CoreGraphics.framework in Frameworks */,
				A562FA9C16AAE8D500A906B4 /* libsqlite3.0.dylib in Frameworks */,
			);
			runOnlyForDeploymentPostprocessing = 0;
		};
/* End PBXFrameworksBuildPhase section */

/* Begin PBXGroup section */
		A5301BD316AA904C00A83ED6 /* Graphics */ = {
			isa = PBXGroup;
			children = (
				3F62715616B2CC22000CE764 /* settings.png */,
				A5301BEF16AAD33500A83ED6 /* ListItem.png */,
				A5301BE716AAA6B800A83ED6 /* Menu.png */,
				A5301BE816AAA6B800A83ED6 /* Menu@2x.png */,
				A5301BE916AAA6B800A83ED6 /* spea.png */,
				A5301BEA16AAA6B800A83ED6 /* spea@2x.png */,
			);
			name = Graphics;
			sourceTree = "<group>";
		};
		A5A296E116A9C3A000214C42 = {
			isa = PBXGroup;
			children = (
				A58997ED16AC0FC80018A752 /* Schermata 2013-01-20 alle 12.42.32.png */,
				A5A296F616A9C3A100214C42 /* SPEA */,
				A5A296EF16A9C3A100214C42 /* Frameworks */,
				A5A296ED16A9C3A100214C42 /* Products */,
			);
			sourceTree = "<group>";
		};
		A5A296ED16A9C3A100214C42 /* Products */ = {
			isa = PBXGroup;
			children = (
				A5A296EC16A9C3A100214C42 /* SPEA.app */,
			);
			name = Products;
			sourceTree = "<group>";
		};
		A5A296EF16A9C3A100214C42 /* Frameworks */ = {
			isa = PBXGroup;
			children = (
				A562FA9B16AAE8D500A906B4 /* libsqlite3.0.dylib */,
				A5A296F016A9C3A100214C42 /* UIKit.framework */,
				A5A296F216A9C3A100214C42 /* Foundation.framework */,
				A5A296F416A9C3A100214C42 /* CoreGraphics.framework */,
			);
			name = Frameworks;
			sourceTree = "<group>";
		};
		A5A296F616A9C3A100214C42 /* SPEA */ = {
			isa = PBXGroup;
			children = (
				A562FAA116AAF83700A906B4 /* spea.sqlite */,
				A5301BD316AA904C00A83ED6 /* Graphics */,
				A5A296FF16A9C3A100214C42 /* AppDelegate.h */,
				A5A2970016A9C3A100214C42 /* AppDelegate.m */,
				A5FB282416E0F5C900573DE4 /* DocumentViewController.h */,
				A5FB282516E0F5C900573DE4 /* DocumentViewController.m */,
				A5301BCC16AA89B300A83ED6 /* MenuViewController.h */,
				A5301BCD16AA89B300A83ED6 /* MenuViewController.m */,
				3FBE5E8216BC210E00A9BDDE /* ListItemDetailsViewController.h */,
				3FBE5E8316BC210E00A9BDDE /* ListItemDetailsViewController.m */,
				A53F8C1A16BD595D00CB765C /* ListItemGalleryViewController.h */,
				A53F8C1B16BD595D00CB765C /* ListItemGalleryViewController.m */,
				A5301BD016AA89C500A83ED6 /* SPEAViewController.h */,
				A5301BD116AA89C500A83ED6 /* SPEAViewController.m */,
				A5A296F716A9C3A100214C42 /* Supporting Files */,
				A5301BDC16AA9D1700A83ED6 /* ListItem.h */,
				A5301BDD16AA9D1700A83ED6 /* ListItem.m */,
				A562FA9716AAD86900A906B4 /* Menu.h */,
				A562FA9816AAD86900A906B4 /* Menu.m */,
			);
			path = SPEA;
			sourceTree = "<group>";
		};
		A5A296F716A9C3A100214C42 /* Supporting Files */ = {
			isa = PBXGroup;
			children = (
				A5813C6A16B1CB5900C10D48 /* Default.png */,
				A5A296F816A9C3A100214C42 /* SPEA-Info.plist */,
				A5A296F916A9C3A100214C42 /* InfoPlist.strings */,
				A5A296FC16A9C3A100214C42 /* main.m */,
				A5A296FE16A9C3A100214C42 /* SPEA-Prefix.pch */,
				A5A2970416A9C3A100214C42 /* Default@2x.png */,
				A5A2970616A9C3A100214C42 /* Default-568h@2x.png */,
			);
			name = "Supporting Files";
			sourceTree = "<group>";
		};
/* End PBXGroup section */

/* Begin PBXNativeTarget section */
		A5A296EB16A9C3A100214C42 /* SPEA */ = {
			isa = PBXNativeTarget;
			buildConfigurationList = A5A2970A16A9C3A100214C42 /* Build configuration list for PBXNativeTarget "SPEA" */;
			buildPhases = (
				A5A296E816A9C3A100214C42 /* Sources */,
				A5A296E916A9C3A100214C42 /* Frameworks */,
				A5A296EA16A9C3A100214C42 /* Resources */,
			);
			buildRules = (
			);
			dependencies = (
			);
			name = SPEA;
			productName = SPEA;
			productReference = A5A296EC16A9C3A100214C42 /* SPEA.app */;
			productType = "com.apple.product-type.application";
		};
/* End PBXNativeTarget section */

/* Begin PBXProject section */
		A5A296E316A9C3A100214C42 /* Project object */ = {
			isa = PBXProject;
			attributes = {
				LastUpgradeCheck = 0450;
				ORGANIZATIONNAME = Icarus;
			};
			buildConfigurationList = A5A296E616A9C3A100214C42 /* Build configuration list for PBXProject "SPEA" */;
			compatibilityVersion = "Xcode 3.2";
			developmentRegion = English;
			hasScannedForEncodings = 0;
			knownRegions = (
				en,
			);
			mainGroup = A5A296E116A9C3A000214C42;
			productRefGroup = A5A296ED16A9C3A100214C42 /* Products */;
			projectDirPath = "";
			projectRoot = "";
			targets = (
				A5A296EB16A9C3A100214C42 /* SPEA */,
			);
		};
/* End PBXProject section */

/* Begin PBXResourcesBuildPhase section */
		A5A296EA16A9C3A100214C42 /* Resources */ = {
			isa = PBXResourcesBuildPhase;
			buildActionMask = 2147483647;
			files = (
				A5A296FB16A9C3A100214C42 /* InfoPlist.strings in Resources */,
				A5A2970516A9C3A100214C42 /* Default@2x.png in Resources */,
				A5A2970716A9C3A100214C42 /* Default-568h@2x.png in Resources */,
				A5301BEB16AAA6B800A83ED6 /* Menu.png in Resources */,
				A5301BEC16AAA6B800A83ED6 /* Menu@2x.png in Resources */,
				A5301BED16AAA6B800A83ED6 /* spea.png in Resources */,
				A5301BEE16AAA6B800A83ED6 /* spea@2x.png in Resources */,
				A5301BF016AAD33500A83ED6 /* ListItem.png in Resources */,
				A562FAA216AAF83700A906B4 /* spea.sqlite in Resources */,
				A58997EE16AC0FC80018A752 /* Schermata 2013-01-20 alle 12.42.32.png in Resources */,
				A5813C6B16B1CB5900C10D48 /* Default.png in Resources */,
				3F62715716B2CC22000CE764 /* settings.png in Resources */,
			);
			runOnlyForDeploymentPostprocessing = 0;
		};
/* End PBXResourcesBuildPhase section */

/* Begin PBXSourcesBuildPhase section */
		A5A296E816A9C3A100214C42 /* Sources */ = {
			isa = PBXSourcesBuildPhase;
			buildActionMask = 2147483647;
			files = (
				A5A296FD16A9C3A100214C42 /* main.m in Sources */,
				A5A2970116A9C3A100214C42 /* AppDelegate.m in Sources */,
				A5301BCE16AA89B300A83ED6 /* MenuViewController.m in Sources */,
				A5301BD216AA89C500A83ED6 /* SPEAViewController.m in Sources */,
				A5301BDE16AA9D1700A83ED6 /* ListItem.m in Sources */,
				A562FA9916AAD86900A906B4 /* Menu.m in Sources */,
				3FBE5E8416BC210E00A9BDDE /* ListItemDetailsViewController.m in Sources */,
				A53F8C1C16BD595D00CB765C /* ListItemGalleryViewController.m in Sources */,
				A5FB282616E0F5C900573DE4 /* DocumentViewController.m in Sources */,
			);
			runOnlyForDeploymentPostprocessing = 0;
		};
/* End PBXSourcesBuildPhase section */

/* Begin PBXVariantGroup section */
		A5A296F916A9C3A100214C42 /* InfoPlist.strings */ = {
			isa = PBXVariantGroup;
			children = (
				A5A296FA16A9C3A100214C42 /* en */,
			);
			name = InfoPlist.strings;
			sourceTree = "<group>";
		};
/* End PBXVariantGroup section */

/* Begin XCBuildConfiguration section */
		A5A2970816A9C3A100214C42 /* Debug */ = {
			isa = XCBuildConfiguration;
			buildSettings = {
				ALWAYS_SEARCH_USER_PATHS = NO;
				CLANG_CXX_LANGUAGE_STANDARD = "gnu++0x";
				CLANG_CXX_LIBRARY = "libc++";
				CLANG_WARN_EMPTY_BODY = YES;
				CLANG_WARN__DUPLICATE_METHOD_MATCH = YES;
				"CODE_SIGN_IDENTITY[sdk=iphoneos*]" = "iPhone Developer";
				COPY_PHASE_STRIP = NO;
				GCC_C_LANGUAGE_STANDARD = gnu99;
				GCC_DYNAMIC_NO_PIC = NO;
				GCC_OPTIMIZATION_LEVEL = 0;
				GCC_PREPROCESSOR_DEFINITIONS = (
					"DEBUG=1",
					"$(inherited)",
				);
				GCC_SYMBOLS_PRIVATE_EXTERN = NO;
				GCC_WARN_ABOUT_RETURN_TYPE = YES;
				GCC_WARN_UNINITIALIZED_AUTOS = YES;
				GCC_WARN_UNUSED_VARIABLE = YES;
				IPHONEOS_DEPLOYMENT_TARGET = 6.0;
				ONLY_ACTIVE_ARCH = YES;
				SDKROOT = iphoneos;
				TARGETED_DEVICE_FAMILY = "1,2";
			};
			name = Debug;
		};
		A5A2970916A9C3A100214C42 /* Release */ = {
			isa = XCBuildConfiguration;
			buildSettings = {
				ALWAYS_SEARCH_USER_PATHS = NO;
				CLANG_CXX_LANGUAGE_STANDARD = "gnu++0x";
				CLANG_CXX_LIBRARY = "libc++";
				CLANG_WARN_EMPTY_BODY = YES;
				CLANG_WARN__DUPLICATE_METHOD_MATCH = YES;
				"CODE_SIGN_IDENTITY[sdk=iphoneos*]" = "iPhone Developer";
				COPY_PHASE_STRIP = YES;
				GCC_C_LANGUAGE_STANDARD = gnu99;
				GCC_WARN_ABOUT_RETURN_TYPE = YES;
				GCC_WARN_UNINITIALIZED_AUTOS = YES;
				GCC_WARN_UNUSED_VARIABLE = YES;
				IPHONEOS_DEPLOYMENT_TARGET = 6.0;
				OTHER_CFLAGS = "-DNS_BLOCK_ASSERTIONS=1";
				SDKROOT = iphoneos;
				TARGETED_DEVICE_FAMILY = "1,2";
				VALIDATE_PRODUCT = YES;
			};
			name = Release;
		};
		A5A2970B16A9C3A100214C42 /* Debug */ = {
			isa = XCBuildConfiguration;
			buildSettings = {
				GCC_PRECOMPILE_PREFIX_HEADER = YES;
				GCC_PREFIX_HEADER = "SPEA/SPEA-Prefix.pch";
				INFOPLIST_FILE = "SPEA/SPEA-Info.plist";
				IPHONEOS_DEPLOYMENT_TARGET = 6.0;
				PRODUCT_NAME = "$(TARGET_NAME)";
				TARGETED_DEVICE_FAMILY = 1;
				WRAPPER_EXTENSION = app;
			};
			name = Debug;
		};
		A5A2970C16A9C3A100214C42 /* Release */ = {
			isa = XCBuildConfiguration;
			buildSettings = {
				GCC_PRECOMPILE_PREFIX_HEADER = YES;
				GCC_PREFIX_HEADER = "SPEA/SPEA-Prefix.pch";
				INFOPLIST_FILE = "SPEA/SPEA-Info.plist";
				IPHONEOS_DEPLOYMENT_TARGET = 6.0;
				PRODUCT_NAME = "$(TARGET_NAME)";
				TARGETED_DEVICE_FAMILY = 1;
				WRAPPER_EXTENSION = app;
			};
			name = Release;
		};
/* End XCBuildConfiguration section */

/* Begin XCConfigurationList section */
		A5A296E616A9C3A100214C42 /* Build configuration list for PBXProject "SPEA" */ = {
			isa = XCConfigurationList;
			buildConfigurations = (
				A5A2970816A9C3A100214C42 /* Debug */,
				A5A2970916A9C3A100214C42 /* Release */,
			);
			defaultConfigurationIsVisible = 0;
			defaultConfigurationName = Release;
		};
		A5A2970A16A9C3A100214C42 /* Build configuration list for PBXNativeTarget "SPEA" */ = {
			isa = XCConfigurationList;
			buildConfigurations = (
				A5A2970B16A9C3A100214C42 /* Debug */,
				A5A2970C16A9C3A100214C42 /* Release */,
			);
			defaultConfigurationIsVisible = 0;
			defaultConfigurationName = Release;
		};
/* End XCConfigurationList section */
	};
	rootObject = A5A296E316A9C3A100214C42 /* Project object */;
}
